
Microsoft Visual Studio Solution File, Format Version 12.00
# Visual Studio Version 16
VisualStudioVersion = 16.0.28803.352
MinimumVisualStudioVersion = 10.0.40219.1
Project("{FAE04EC0-301F-11D3-BF4B-00C04F79EFBC}") = "SentimentML", "SentimentML.csproj", "{251A3C2F-59FB-4675-B7A7-144B6E92A916}"
EndProject
Global
	GlobalSection(SolutionConfigurationPlatforms) = preSolution
		Debug|ARM = Debug|ARM
		Debug|ARM64 = Debug|ARM64
		Debug|x64 = Debug|x64
		Debug|x86 = Debug|x86
		Release|ARM = Release|ARM
		Release|ARM64 = Release|ARM64
		Release|x64 = Release|x64
		Release|x86 = Release|x86
	EndGlobalSection
	GlobalSection(ProjectConfigurationPlatforms) = postSolution
		{251A3C2F-59FB-4675-B7A7-144B6E92A916}.Debug|ARM.ActiveCfg = Debug|ARM
		{251A3C2F-59FB-4675-B7A7-144B6E92A916}.Debug|ARM.Build.0 = Debug|ARM
		{251A3C2F-59FB-4675-B7A7-144B6E92A916}.Debug|ARM.Deploy.0 = Debug|ARM
		{251A3C2F-59FB-4675-B7A7-144B6E92A916}.Debug|ARM64.ActiveCfg = Debug|ARM64
		{251A3C2F-59FB-4675-B7A7-144B6E92A916}.Debug|ARM64.Build.0 = Debug|ARM64
		{251A3C2F-59FB-4675-B7A7-144B6E92A916}.Debug|ARM64.Deploy.0 = Debug|ARM64
		{251A3C2F-59FB-4675-B7A7-144B6E92A916}.Debug|x64.ActiveCfg = Debug|x64
		{251A3C2F-59FB-4675-B7A7-144B6E92A916}.Debug|x64.Build.0 = Debug|x64
		{251A3C2F-59FB-4675-B7A7-144B6E92A916}.Debug|x64.Deploy.0 = Debug|x64
		{251A3C2F-59FB-4675-B7A7-144B6E92A916}.Debug|x86.ActiveCfg = Debug|x86
		{251A3C2F-59FB-4675-B7A7-144B6E92A916}.Debug|x86.Build.0 = Debug|x86
		{251A3C2F-59FB-4675-B7A7-144B6E92A916}.Debug|x86.Deploy.0 = Debug|x86
		{251A3C2F-59FB-4675-B7A7-144B6E92A916}.Release|ARM.ActiveCfg = Release|ARM
		{251A3C2F-59FB-4675-B7A7-144B6E92A916}.Release|ARM.Build.0 = Release|ARM
		{251A3C2F-59FB-4675-B7A7-144B6E92A916}.Release|ARM.Deploy.0 = Release|ARM
		{251A3C2F-59FB-4675-B7A7-144B6E92A916}.Release|ARM64.ActiveCfg = Release|ARM64
		{251A3C2F-59FB-4675-B7A7-144B6E92A916}.Release|ARM64.Build.0 = Release|ARM64
		{251A3C2F-59FB-4675-B7A7-144B6E92A916}.Release|ARM64.Deploy.0 = Release|ARM64
		{251A3C2F-59FB-4675-B7A7-144B6E92A916}.Release|x64.ActiveCfg = Release|x64
		{251A3C2F-59FB-4675-B7A7-144B6E92A916}.Release|x64.Build.0 = Release|x64
		{251A3C2F-59FB-4675-B7A7-144B6E92A916}.Release|x64.Deploy.0 = Release|x64
		{251A3C2F-59FB-4675-B7A7-144B6E92A916}.Release|x86.ActiveCfg = Release|x86
		{251A3C2F-59FB-4675-B7A7-144B6E92A916}.Release|x86.Build.0 = Release|x86
		{251A3C2F-59FB-4675-B7A7-144B6E92A916}.Release|x86.Deploy.0 = Release|x86
	EndGlobalSection
	GlobalSection(SolutionProperties) = preSolution
		HideSolutionNode = FALSE
	EndGlobalSection
	GlobalSection(ExtensibilityGlobals) = postSolution
		SolutionGuid = {6CD42D18-C334-48E8-B92F-6FDDEFFD0918}
	EndGlobalSection
EndGlobal
